[[package]]
category = "main"
description = "nose extends unittest to make testing easier"
name = "nose"
optional = false
python-versions = "*"
version = "1.3.7"

[metadata]
content-hash = "651c9cc895ffe2c21fff00e01773f8ba5e20f7824b0b816f7f0cdaf1e7ae2276"
python-versions = "^3.8"

[metadata.hashes]
nose = ["9ff7c6cc443f8c51994b34a667bbcf45afd6d945be7477b52e97516fd17c53ac", "dadcddc0aefbf99eea214e0f1232b94f2fa9bd98fa8353711dacb112bfcbbb2a", "f1bffef9cbc82628f6e7d7b40d7e255aefaa1adb6a1b1d26c69a8b79e6208a98"]
